// !$*UTF8*$!
{
	archiveVersion = 1;
	classes = {
	};
	objectVersion = 46;
	objects = {

/* Begin PBXBuildFile section */
		8CF8381A1C8DB6E000FDE706 /* AppDelegate.swift in Sources */ = {isa = PBXBuildFile; fileRef = 8CF838191C8DB6E000FDE706 /* AppDelegate.swift */; };
		8CF8381C1C8DB6E000FDE706 /* ViewController.swift in Sources */ = {isa = PBXBuildFile; fileRef = 8CF8381B1C8DB6E000FDE706 /* ViewController.swift */; };
		8CF8381F1C8DB6E000FDE706 /* Main.storyboard in Resources */ = {isa = PBXBuildFile; fileRef = 8CF8381D1C8DB6E000FDE706 /* Main.storyboard */; };
		8CF838211C8DB6E000FDE706 /* Assets.xcassets in Resources */ = {isa = PBXBuildFile; fileRef = 8CF838201C8DB6E000FDE706 /* Assets.xcassets */; };
		8CF838241C8DB6E000FDE706 /* LaunchScreen.storyboard in Resources */ = {isa = PBXBuildFile; fileRef = 8CF838221C8DB6E000FDE706 /* LaunchScreen.storyboard */; };
		8CF8382F1C8DB6E000FDE706 /* On_the_MapTests.swift in Sources */ = {isa = PBXBuildFile; fileRef = 8CF8382E1C8DB6E000FDE706 /* On_the_MapTests.swift */; };
		8CF8383A1C8DB6E000FDE706 /* On_the_MapUITests.swift in Sources */ = {isa = PBXBuildFile; fileRef = 8CF838391C8DB6E000FDE706 /* On_the_MapUITests.swift */; };
/* End PBXBuildFile section */

/* Begin PBXContainerItemProxy section */
		8CF8382B1C8DB6E000FDE706 /* PBXContainerItemProxy */ = {
			isa = PBXContainerItemProxy;
			containerPortal = 8CF8380E1C8DB6E000FDE706 /* Project object */;
			proxyType = 1;
			remoteGlobalIDString = 8CF838151C8DB6E000FDE706;
			remoteInfo = "On the Map";
		};
		8CF838361C8DB6E000FDE706 /* PBXContainerItemProxy */ = {
			isa = PBXContainerItemProxy;
			containerPortal = 8CF8380E1C8DB6E000FDE706 /* Project object */;
			proxyType = 1;
			remoteGlobalIDString = 8CF838151C8DB6E000FDE706;
			remoteInfo = "On the Map";
		};
/* End PBXContainerItemProxy section */

/* Begin PBXFileReference section */
		8CF838161C8DB6E000FDE706 /* On the Map.app */ = {isa = PBXFileReference; explicitFileType = wrapper.application; includeInIndex = 0; path = "On the Map.app"; sourceTree = BUILT_PRODUCTS_DIR; };
		8CF838191C8DB6E000FDE706 /* AppDelegate.swift */ = {isa = PBXFileReference; lastKnownFileType = sourcecode.swift; path = AppDelegate.swift; sourceTree = "<group>"; };
		8CF8381B1C8DB6E000FDE706 /* ViewController.swift */ = {isa = PBXFileReference; lastKnownFileType = sourcecode.swift; path = ViewController.swift; sourceTree = "<group>"; };
		8CF8381E1C8DB6E000FDE706 /* Base */ = {isa = PBXFileReference; lastKnownFileType = file.storyboard; name = Base; path = Base.lproj/Main.storyboard; sourceTree = "<group>"; };
		8CF838201C8DB6E000FDE706 /* Assets.xcassets */ = {isa = PBXFileReference; lastKnownFileType = folder.assetcatalog; path = Assets.xcassets; sourceTree = "<group>"; };
		8CF838231C8DB6E000FDE706 /* Base */ = {isa = PBXFileReference; lastKnownFileType = file.storyboard; name = Base; path = Base.lproj/LaunchScreen.storyboard; sourceTree = "<group>"; };
		8CF838251C8DB6E000FDE706 /* Info.plist */ = {isa = PBXFileReference; lastKnownFileType = text.plist.xml; path = Info.plist; sourceTree = "<group>"; };
		8CF8382A1C8DB6E000FDE706 /* On the MapTests.xctest */ = {isa = PBXFileReference; explicitFileType = wrapper.cfbundle; includeInIndex = 0; path = "On the MapTests.xctest"; sourceTree = BUILT_PRODUCTS_DIR; };
		8CF8382E1C8DB6E000FDE706 /* On_the_MapTests.swift */ = {isa = PBXFileReference; lastKnownFileType = sourcecode.swift; path = On_the_MapTests.swift; sourceTree = "<group>"; };
		8CF838301C8DB6E000FDE706 /* Info.plist */ = {isa = PBXFileReference; lastKnownFileType = text.plist.xml; path = Info.plist; sourceTree = "<group>"; };
		8CF838351C8DB6E000FDE706 /* On the MapUITests.xctest */ = {isa = PBXFileReference; explicitFileType = wrapper.cfbundle; includeInIndex = 0; path = "On the MapUITests.xctest"; sourceTree = BUILT_PRODUCTS_DIR; };
		8CF838391C8DB6E000FDE706 /* On_the_MapUITests.swift */ = {isa = PBXFileReference; lastKnownFileType = sourcecode.swift; path = On_the_MapUITests.swift; sourceTree = "<group>"; };
		8CF8383B1C8DB6E000FDE706 /* Info.plist */ = {isa = PBXFileReference; lastKnownFileType = text.plist.xml; path = Info.plist; sourceTree = "<group>"; };
/* End PBXFileReference section */

/* Begin PBXFrameworksBuildPhase section */
		8CF838131C8DB6E000FDE706 /* Frameworks */ = {
			isa = PBXFrameworksBuildPhase;
			buildActionMask = 2147483647;
			files = (
			);
			runOnlyForDeploymentPostprocessing = 0;
		};
		8CF838271C8DB6E000FDE706 /* Frameworks */ = {
			isa = PBXFrameworksBuildPhase;
			buildActionMask = 2147483647;
			files = (
			);
			runOnlyForDeploymentPostprocessing = 0;
		};
		8CF838321C8DB6E000FDE706 /* Frameworks */ = {
			isa = PBXFrameworksBuildPhase;
			buildActionMask = 2147483647;
			files = (
			);
			runOnlyForDeploymentPostprocessing = 0;
		};
/* End PBXFrameworksBuildPhase section */

/* Begin PBXGroup section */
		8CF8380D1C8DB6E000FDE706 = {
			isa = PBXGroup;
			children = (
				8CF838181C8DB6E000FDE706 /* On the Map */,
				8CF8382D1C8DB6E000FDE706 /* On the MapTests */,
				8CF838381C8DB6E000FDE706 /* On the MapUITests */,
				8CF838171C8DB6E000FDE706 /* Products */,
			);
			sourceTree = "<group>";
		};
		8CF838171C8DB6E000FDE706 /* Products */ = {
			isa = PBXGroup;
			children = (
				8CF838161C8DB6E000FDE706 /* On the Map.app */,
				8CF8382A1C8DB6E000FDE706 /* On the MapTests.xctest */,
				8CF838351C8DB6E000FDE706 /* On the MapUITests.xctest */,
			);
			name = Products;
			sourceTree = "<group>";
		};
		8CF838181C8DB6E000FDE706 /* On the Map */ = {
			isa = PBXGroup;
			children = (
				8CF838191C8DB6E000FDE706 /* AppDelegate.swift */,
				8CF8381B1C8DB6E000FDE706 /* ViewController.swift */,
				8CF8381D1C8DB6E000FDE706 /* Main.storyboard */,
				8CF838201C8DB6E000FDE706 /* Assets.xcassets */,
				8CF838221C8DB6E000FDE706 /* LaunchScreen.storyboard */,
				8CF838251C8DB6E000FDE706 /* Info.plist */,
			);
			path = "On the Map";
			sourceTree = "<group>";
		};
		8CF8382D1C8DB6E000FDE706 /* On the MapTests */ = {
			isa = PBXGroup;
			children = (
				8CF8382E1C8DB6E000FDE706 /* On_the_MapTests.swift */,
				8CF838301C8DB6E000FDE706 /* Info.plist */,
			);
			path = "On the MapTests";
			sourceTree = "<group>";
		};
		8CF838381C8DB6E000FDE706 /* On the MapUITests */ = {
			isa = PBXGroup;
			children = (
				8CF838391C8DB6E000FDE706 /* On_the_MapUITests.swift */,
				8CF8383B1C8DB6E000FDE706 /* Info.plist */,
			);
			path = "On the MapUITests";
			sourceTree = "<group>";
		};
/* End PBXGroup section */

/* Begin PBXNativeTarget section */
		8CF838151C8DB6E000FDE706 /* On the Map */ = {
			isa = PBXNativeTarget;
			buildConfigurationList = 8CF8383E1C8DB6E000FDE706 /* Build configuration list for PBXNativeTarget "On the Map" */;
			buildPhases = (
				8CF838121C8DB6E000FDE706 /* Sources */,
				8CF838131C8DB6E000FDE706 /* Frameworks */,
				8CF838141C8DB6E000FDE706 /* Resources */,
			);
			buildRules = (
			);
			dependencies = (
			);
			name = "On the Map";
			productName = "On the Map";
			productReference = 8CF838161C8DB6E000FDE706 /* On the Map.app */;
			productType = "com.apple.product-type.application";
		};
		8CF838291C8DB6E000FDE706 /* On the MapTests */ = {
			isa = PBXNativeTarget;
			buildConfigurationList = 8CF838411C8DB6E000FDE706 /* Build configuration list for PBXNativeTarget "On the MapTests" */;
			buildPhases = (
				8CF838261C8DB6E000FDE706 /* Sources */,
				8CF838271C8DB6E000FDE706 /* Frameworks */,
				8CF838281C8DB6E000FDE706 /* Resources */,
			);
			buildRules = (
			);
			dependencies = (
				8CF8382C1C8DB6E000FDE706 /* PBXTargetDependency */,
			);
			name = "On the MapTests";
			productName = "On the MapTests";
			productReference = 8CF8382A1C8DB6E000FDE706 /* On the MapTests.xctest */;
			productType = "com.apple.product-type.bundle.unit-test";
		};
		8CF838341C8DB6E000FDE706 /* On the MapUITests */ = {
			isa = PBXNativeTarget;
			buildConfigurationList = 8CF838441C8DB6E000FDE706 /* Build configuration list for PBXNativeTarget "On the MapUITests" */;
			buildPhases = (
				8CF838311C8DB6E000FDE706 /* Sources */,
				8CF838321C8DB6E000FDE706 /* Frameworks */,
				8CF838331C8DB6E000FDE706 /* Resources */,
			);
			buildRules = (
			);
			dependencies = (
				8CF838371C8DB6E000FDE706 /* PBXTargetDependency */,
			);
			name = "On the MapUITests";
			productName = "On the MapUITests";
			productReference = 8CF838351C8DB6E000FDE706 /* On the MapUITests.xctest */;
			productType = "com.apple.product-type.bundle.ui-testing";
		};
/* End PBXNativeTarget section */

/* Begin PBXProject section */
		8CF8380E1C8DB6E000FDE706 /* Project object */ = {
			isa = PBXProject;
			attributes = {
				LastSwiftUpdateCheck = 0720;
				LastUpgradeCheck = 0720;
				ORGANIZATIONNAME = "Jovito Royeca";
				TargetAttributes = {
					8CF838151C8DB6E000FDE706 = {
						CreatedOnToolsVersion = 7.2;
					};
					8CF838291C8DB6E000FDE706 = {
						CreatedOnToolsVersion = 7.2;
						TestTargetID = 8CF838151C8DB6E000FDE706;
					};
					8CF838341C8DB6E000FDE706 = {
						CreatedOnToolsVersion = 7.2;
						TestTargetID = 8CF838151C8DB6E000FDE706;
					};
				};
			};
			buildConfigurationList = 8CF838111C8DB6E000FDE706 /* Build configuration list for PBXProject "On the Map" */;
			compatibilityVersion = "Xcode 3.2";
			developmentRegion = English;
			hasScannedForEncodings = 0;
			knownRegions = (
				en,
				Base,
			);
			mainGroup = 8CF8380D1C8DB6E000FDE706;
			productRefGroup = 8CF838171C8DB6E000FDE706 /* Products */;
			projectDirPath = "";
			projectRoot = "";
			targets = (
				8CF838151C8DB6E000FDE706 /* On the Map */,
				8CF838291C8DB6E000FDE706 /* On the MapTests */,
				8CF838341C8DB6E000FDE706 /* On the MapUITests */,
			);
		};
/* End PBXProject section */

/* Begin PBXResourcesBuildPhase section */
		8CF838141C8DB6E000FDE706 /* Resources */ = {
			isa = PBXResourcesBuildPhase;
			buildActionMask = 2147483647;
			files = (
				8CF838241C8DB6E000FDE706 /* LaunchScreen.storyboard in Resources */,
				8CF838211C8DB6E000FDE706 /* Assets.xcassets in Resources */,
				8CF8381F1C8DB6E000FDE706 /* Main.storyboard in Resources */,
			);
			runOnlyForDeploymentPostprocessing = 0;
		};
		8CF838281C8DB6E000FDE706 /* Resources */ = {
			isa = PBXResourcesBuildPhase;
			buildActionMask = 2147483647;
			files = (
			);
			runOnlyForDeploymentPostprocessing = 0;
		};
		8CF838331C8DB6E000FDE706 /* Resources */ = {
			isa = PBXResourcesBuildPhase;
			buildActionMask = 2147483647;
			files = (
			);
			runOnlyForDeploymentPostprocessing = 0;
		};
/* End PBXResourcesBuildPhase section */

/* Begin PBXSourcesBuildPhase section */
		8CF838121C8DB6E000FDE706 /* Sources */ = {
			isa = PBXSourcesBuildPhase;
			buildActionMask = 2147483647;
			files = (
				8CF8381C1C8DB6E000FDE706 /* ViewController.swift in Sources */,
				8CF8381A1C8DB6E000FDE706 /* AppDelegate.swift in Sources */,
			);
			runOnlyForDeploymentPostprocessing = 0;
		};
		8CF838261C8DB6E000FDE706 /* Sources */ = {
			isa = PBXSourcesBuildPhase;
			buildActionMask = 2147483647;
			files = (
				8CF8382F1C8DB6E000FDE706 /* On_the_MapTests.swift in Sources */,
			);
			runOnlyForDeploymentPostprocessing = 0;
		};
		8CF838311C8DB6E000FDE706 /* Sources */ = {
			isa = PBXSourcesBuildPhase;
			buildActionMask = 2147483647;
			files = (
				8CF8383A1C8DB6E000FDE706 /* On_the_MapUITests.swift in Sources */,
			);
			runOnlyForDeploymentPostprocessing = 0;
		};
/* End PBXSourcesBuildPhase section */

/* Begin PBXTargetDependency section */
		8CF8382C1C8DB6E000FDE706 /* PBXTargetDependency */ = {
			isa = PBXTargetDependency;
			target = 8CF838151C8DB6E000FDE706 /* On the Map */;
			targetProxy = 8CF8382B1C8DB6E000FDE706 /* PBXContainerItemProxy */;
		};
		8CF838371C8DB6E000FDE706 /* PBXTargetDependency */ = {
			isa = PBXTargetDependency;
			target = 8CF838151C8DB6E000FDE706 /* On the Map */;
			targetProxy = 8CF838361C8DB6E000FDE706 /* PBXContainerItemProxy */;
		};
/* End PBXTargetDependency section */

/* Begin PBXVariantGroup section */
		8CF8381D1C8DB6E000FDE706 /* Main.storyboard */ = {
			isa = PBXVariantGroup;
			children = (
				8CF8381E1C8DB6E000FDE706 /* Base */,
			);
			name = Main.storyboard;
			sourceTree = "<group>";
		};
		8CF838221C8DB6E000FDE706 /* LaunchScreen.storyboard */ = {
			isa = PBXVariantGroup;
			children = (
				8CF838231C8DB6E000FDE706 /* Base */,
			);
			name = LaunchScreen.storyboard;
			sourceTree = "<group>";
		};
/* End PBXVariantGroup section */

/* Begin XCBuildConfiguration section */
		8CF8383C1C8DB6E000FDE706 /* Debug */ = {
			isa = XCBuildConfiguration;
			buildSettings = {
				ALWAYS_SEARCH_USER_PATHS = NO;
				CLANG_CXX_LANGUAGE_STANDARD = "gnu++0x";
				CLANG_CXX_LIBRARY = "libc++";
				CLANG_ENABLE_MODULES = YES;
				CLANG_ENABLE_OBJC_ARC = YES;
				CLANG_WARN_BOOL_CONVERSION = YES;
				CLANG_WARN_CONSTANT_CONVERSION = YES;
				CLANG_WARN_DIRECT_OBJC_ISA_USAGE = YES_ERROR;
				CLANG_WARN_EMPTY_BODY = YES;
				CLANG_WARN_ENUM_CONVERSION = YES;
				CLANG_WARN_INT_CONVERSION = YES;
				CLANG_WARN_OBJC_ROOT_CLASS = YES_ERROR;
				CLANG_WARN_UNREACHABLE_CODE = YES;
				CLANG_WARN__DUPLICATE_METHOD_MATCH = YES;
				"CODE_SIGN_IDENTITY[sdk=iphoneos*]" = "iPhone Developer";
				COPY_PHASE_STRIP = NO;
				DEBUG_INFORMATION_FORMAT = dwarf;
				ENABLE_STRICT_OBJC_MSGSEND = YES;
				ENABLE_TESTABILITY = YES;
				GCC_C_LANGUAGE_STANDARD = gnu99;
				GCC_DYNAMIC_NO_PIC = NO;
				GCC_NO_COMMON_BLOCKS = YES;
				GCC_OPTIMIZATION_LEVEL = 0;
				GCC_PREPROCESSOR_DEFINITIONS = (
					"DEBUG=1",
					"$(inherited)",
				);
				GCC_WARN_64_TO_32_BIT_CONVERSION = YES;
				GCC_WARN_ABOUT_RETURN_TYPE = YES_ERROR;
				GCC_WARN_UNDECLARED_SELECTOR = YES;
				GCC_WARN_UNINITIALIZED_AUTOS = YES_AGGRESSIVE;
				GCC_WARN_UNUSED_FUNCTION = YES;
				GCC_WARN_UNUSED_VARIABLE = YES;
				IPHONEOS_DEPLOYMENT_TARGET = 9.2;
				MTL_ENABLE_DEBUG_INFO = YES;
				ONLY_ACTIVE_ARCH = YES;
				SDKROOT = iphoneos;
				SWIFT_OPTIMIZATION_LEVEL = "-Onone";
			};
			name = Debug;
		};
		8CF8383D1C8DB6E000FDE706 /* Release */ = {
			isa = XCBuildConfiguration;
			buildSettings = {
				ALWAYS_SEARCH_USER_PATHS = NO;
				CLANG_CXX_LANGUAGE_STANDARD = "gnu++0x";
				CLANG_CXX_LIBRARY = "libc++";
				CLANG_ENABLE_MODULES = YES;
				CLANG_ENABLE_OBJC_ARC = YES;
				CLANG_WARN_BOOL_CONVERSION = YES;
				CLANG_WARN_CONSTANT_CONVERSION = YES;
				CLANG_WARN_DIRECT_OBJC_ISA_USAGE = YES_ERROR;
				CLANG_WARN_EMPTY_BODY = YES;
				CLANG_WARN_ENUM_CONVERSION = YES;
				CLANG_WARN_INT_CONVERSION = YES;
				CLANG_WARN_OBJC_ROOT_CLASS = YES_ERROR;
				CLANG_WARN_UNREACHABLE_CODE = YES;
				CLANG_WARN__DUPLICATE_METHOD_MATCH = YES;
				"CODE_SIGN_IDENTITY[sdk=iphoneos*]" = "iPhone Developer";
				COPY_PHASE_STRIP = NO;
				DEBUG_INFORMATION_FORMAT = "dwarf-with-dsym";
				ENABLE_NS_ASSERTIONS = NO;
				ENABLE_STRICT_OBJC_MSGSEND = YES;
				GCC_C_LANGUAGE_STANDARD = gnu99;
				GCC_NO_COMMON_BLOCKS = YES;
				GCC_WARN_64_TO_32_BIT_CONVERSION = YES;
				GCC_WARN_ABOUT_RETURN_TYPE = YES_ERROR;
				GCC_WARN_UNDECLARED_SELECTOR = YES;
				GCC_WARN_UNINITIALIZED_AUTOS = YES_AGGRESSIVE;
				GCC_WARN_UNUSED_FUNCTION = YES;
				GCC_WARN_UNUSED_VARIABLE = YES;
				IPHONEOS_DEPLOYMENT_TARGET = 9.2;
				MTL_ENABLE_DEBUG_INFO = NO;
				SDKROOT = iphoneos;
				VALIDATE_PRODUCT = YES;
			};
			name = Release;
		};
		8CF8383F1C8DB6E000FDE706 /* Debug */ = {
			isa = XCBuildConfiguration;
			buildSettings = {
				ASSETCATALOG_COMPILER_APPICON_NAME = AppIcon;
				INFOPLIST_FILE = "On the Map/Info.plist";
				LD_RUNPATH_SEARCH_PATHS = "$(inherited) @executable_path/Frameworks";
				PRODUCT_BUNDLE_IDENTIFIER = "com.jovitoroyeca.On-the-Map";
				PRODUCT_NAME = "$(TARGET_NAME)";
			};
			name = Debug;
		};
		8CF838401C8DB6E000FDE706 /* Release */ = {
			isa = XCBuildConfiguration;
			buildSettings = {
				ASSETCATALOG_COMPILER_APPICON_NAME = AppIcon;
				INFOPLIST_FILE = "On the Map/Info.plist";
				LD_RUNPATH_SEARCH_PATHS = "$(inherited) @executable_path/Frameworks";
				PRODUCT_BUNDLE_IDENTIFIER = "com.jovitoroyeca.On-the-Map";
				PRODUCT_NAME = "$(TARGET_NAME)";
			};
			name = Release;
		};
		8CF838421C8DB6E000FDE706 /* Debug */ = {
			isa = XCBuildConfiguration;
			buildSettings = {
				BUNDLE_LOADER = "$(TEST_HOST)";
				INFOPLIST_FILE = "On the MapTests/Info.plist";
				LD_RUNPATH_SEARCH_PATHS = "$(inherited) @executable_path/Frameworks @loader_path/Frameworks";
				PRODUCT_BUNDLE_IDENTIFIER = "com.jovitoroyeca.On-the-MapTests";
				PRODUCT_NAME = "$(TARGET_NAME)";
				TEST_HOST = "$(BUILT_PRODUCTS_DIR)/On the Map.app/On the Map";
			};
			name = Debug;
		};
		8CF838431C8DB6E000FDE706 /* Release */ = {
			isa = XCBuildConfiguration;
			buildSettings = {
				BUNDLE_LOADER = "$(TEST_HOST)";
				INFOPLIST_FILE = "On the MapTests/Info.plist";
				LD_RUNPATH_SEARCH_PATHS = "$(inherited) @executable_path/Frameworks @loader_path/Frameworks";
				PRODUCT_BUNDLE_IDENTIFIER = "com.jovitoroyeca.On-the-MapTests";
				PRODUCT_NAME = "$(TARGET_NAME)";
				TEST_HOST = "$(BUILT_PRODUCTS_DIR)/On the Map.app/On the Map";
			};
			name = Release;
		};
		8CF838451C8DB6E000FDE706 /* Debug */ = {
			isa = XCBuildConfiguration;
			buildSettings = {
				INFOPLIST_FILE = "On the MapUITests/Info.plist";
				LD_RUNPATH_SEARCH_PATHS = "$(inherited) @executable_path/Frameworks @loader_path/Frameworks";
				PRODUCT_BUNDLE_IDENTIFIER = "com.jovitoroyeca.On-the-MapUITests";
				PRODUCT_NAME = "$(TARGET_NAME)";
				TEST_TARGET_NAME = "On the Map";
				USES_XCTRUNNER = YES;
			};
			name = Debug;
		};
		8CF838461C8DB6E000FDE706 /* Release */ = {
			isa = XCBuildConfiguration;
			buildSettings = {
				INFOPLIST_FILE = "On the MapUITests/Info.plist";
				LD_RUNPATH_SEARCH_PATHS = "$(inherited) @executable_path/Frameworks @loader_path/Frameworks";
				PRODUCT_BUNDLE_IDENTIFIER = "com.jovitoroyeca.On-the-MapUITests";
				PRODUCT_NAME = "$(TARGET_NAME)";
				TEST_TARGET_NAME = "On the Map";
				USES_XCTRUNNER = YES;
			};
			name = Release;
		};
/* End XCBuildConfiguration section */

/* Begin XCConfigurationList section */
		8CF838111C8DB6E000FDE706 /* Build configuration list for PBXProject "On the Map" */ = {
			isa = XCConfigurationList;
			buildConfigurations = (
				8CF8383C1C8DB6E000FDE706 /* Debug */,
				8CF8383D1C8DB6E000FDE706 /* Release */,
			);
			defaultConfigurationIsVisible = 0;
			defaultConfigurationName = Release;
		};
		8CF8383E1C8DB6E000FDE706 /* Build configuration list for PBXNativeTarget "On the Map" */ = {
			isa = XCConfigurationList;
			buildConfigurations = (
				8CF8383F1C8DB6E000FDE706 /* Debug */,
				8CF838401C8DB6E000FDE706 /* Release */,
			);
			defaultConfigurationIsVisible = 0;
		};
		8CF838411C8DB6E000FDE706 /* Build configuration list for PBXNativeTarget "On the MapTests" */ = {
			isa = XCConfigurationList;
			buildConfigurations = (
				8CF838421C8DB6E000FDE706 /* Debug */,
				8CF838431C8DB6E000FDE706 /* Release */,
			);
			defaultConfigurationIsVisible = 0;
		};
		8CF838441C8DB6E000FDE706 /* Build configuration list for PBXNativeTarget "On the MapUITests" */ = {
			isa = XCConfigurationList;
			buildConfigurations = (
				8CF838451C8DB6E000FDE706 /* Debug */,
				8CF838461C8DB6E000FDE706 /* Release */,
			);
			defaultConfigurationIsVisible = 0;
		};
/* End XCConfigurationList section */
	};
	rootObject = 8CF8380E1C8DB6E000FDE706 /* Project object */;
}
